
Microsoft Visual Studio Solution File, Format Version 12.00
# Visual Studio 14
VisualStudioVersion = 14.0.22609.0
MinimumVisualStudioVersion = 10.0.40219.1
Project("{2150E333-8FDC-42A3-9474-1A3956D46DE8}") = "Solution Items", "Solution Items", "{B829C09B-B8B4-4131-BFC2-FFA1F412DDB1}"
	ProjectSection(SolutionItems) = preProject
		.gitignore = .gitignore
		appveyor.yml = appveyor.yml
		LICENSE = LICENSE
		README.md = README.md
	EndProjectSection
	ProjectSection(FolderGlobals) = preProject
		global_1json__JSONSchema = http://json.schemastore.org/global
	EndProjectSection
EndProject
Project("{2150E333-8FDC-42A3-9474-1A3956D46DE8}") = "src", "src", "{B561BC8B-6E69-4731-8803-FC310B8A769A}"
EndProject
Project("{2150E333-8FDC-42A3-9474-1A3956D46DE8}") = "tests", "tests", "{AB04574B-1A5F-46E7-B01D-CD0E7E6F8756}"
EndProject
Project("{FAE04EC0-301F-11D3-BF4B-00C04F79EFBC}") = "Compose", "src\Compose\Compose.csproj", "{E069C786-2716-4492-8006-D06E6E46F12E}"
EndProject
Project("{2150E333-8FDC-42A3-9474-1A3956D46DE8}") = ".nuget", ".nuget", "{2200D12C-3ADE-42DB-8F71-E6C67FEC7444}"
	ProjectSection(SolutionItems) = preProject
		.nuget\packages.config = .nuget\packages.config
	EndProjectSection
EndProject
Project("{2150E333-8FDC-42A3-9474-1A3956D46DE8}") = "samples", "samples", "{F20C0361-9C74-4698-B761-7E66F71217AA}"
EndProject
Project("{FAE04EC0-301F-11D3-BF4B-00C04F79EFBC}") = "Compose.Tests", "tests\Compose.Tests\Compose.Tests.csproj", "{143B3F00-6F8F-4415-849C-4B24E6BF4F54}"
EndProject
Project("{FAE04EC0-301F-11D3-BF4B-00C04F79EFBC}") = "Compose.ServiceExtension", "src\Compose.ServiceExtension\Compose.ServiceExtension.csproj", "{843C03E5-7697-4925-8A20-27F692879764}"
EndProject
Global
	GlobalSection(SolutionConfigurationPlatforms) = preSolution
		Debug|Any CPU = Debug|Any CPU
		Release|Any CPU = Release|Any CPU
	EndGlobalSection
	GlobalSection(ProjectConfigurationPlatforms) = postSolution
		{E069C786-2716-4492-8006-D06E6E46F12E}.Debug|Any CPU.ActiveCfg = Debug|Any CPU
		{E069C786-2716-4492-8006-D06E6E46F12E}.Debug|Any CPU.Build.0 = Debug|Any CPU
		{E069C786-2716-4492-8006-D06E6E46F12E}.Release|Any CPU.ActiveCfg = Release|Any CPU
		{E069C786-2716-4492-8006-D06E6E46F12E}.Release|Any CPU.Build.0 = Release|Any CPU
		{143B3F00-6F8F-4415-849C-4B24E6BF4F54}.Debug|Any CPU.ActiveCfg = Debug|Any CPU
		{143B3F00-6F8F-4415-849C-4B24E6BF4F54}.Debug|Any CPU.Build.0 = Debug|Any CPU
		{143B3F00-6F8F-4415-849C-4B24E6BF4F54}.Release|Any CPU.ActiveCfg = Release|Any CPU
		{143B3F00-6F8F-4415-849C-4B24E6BF4F54}.Release|Any CPU.Build.0 = Release|Any CPU
		{843C03E5-7697-4925-8A20-27F692879764}.Debug|Any CPU.ActiveCfg = Debug|Any CPU
		{843C03E5-7697-4925-8A20-27F692879764}.Debug|Any CPU.Build.0 = Debug|Any CPU
		{843C03E5-7697-4925-8A20-27F692879764}.Release|Any CPU.ActiveCfg = Release|Any CPU
		{843C03E5-7697-4925-8A20-27F692879764}.Release|Any CPU.Build.0 = Release|Any CPU
	EndGlobalSection
	GlobalSection(SolutionProperties) = preSolution
		HideSolutionNode = FALSE
	EndGlobalSection
	GlobalSection(NestedProjects) = preSolution
		{E069C786-2716-4492-8006-D06E6E46F12E} = {B561BC8B-6E69-4731-8803-FC310B8A769A}
		{143B3F00-6F8F-4415-849C-4B24E6BF4F54} = {AB04574B-1A5F-46E7-B01D-CD0E7E6F8756}
		{843C03E5-7697-4925-8A20-27F692879764} = {B561BC8B-6E69-4731-8803-FC310B8A769A}
	EndGlobalSection
EndGlobal
