
Microsoft Visual Studio Solution File, Format Version 12.00
# Visual Studio 14
VisualStudioVersion = 14.0.25420.1
MinimumVisualStudioVersion = 10.0.40219.1
Project("{2150E333-8FDC-42A3-9474-1A3956D46DE8}") = "src", "src", "{D83DB071-6554-4367-91AE-05ABFEB4E213}"
EndProject
Project("{2150E333-8FDC-42A3-9474-1A3956D46DE8}") = "tests", "tests", "{3CA78452-29CD-4197-A560-9346949EAE9F}"
EndProject
Project("{2150E333-8FDC-42A3-9474-1A3956D46DE8}") = "Solution Items", "Solution Items", "{0508FF26-B09D-4DB5-9F7B-D14FE9F808AB}"
	ProjectSection(SolutionItems) = preProject
		.gitignore = .gitignore
		global.json = global.json
		LICENSE = LICENSE
		README.md = README.md
	EndProjectSection
EndProject
Project("{2150E333-8FDC-42A3-9474-1A3956D46DE8}") = "build", "build", "{76033DDB-F766-4F7C-8DC2-CA8DA01FE50C}"
	ProjectSection(SolutionItems) = preProject
		appveyor.yml = appveyor.yml
		build.ps1 = build.ps1
	EndProjectSection
EndProject
Project("{8BB2217D-0F2D-49D1-97BC-3654ED321F3B}") = "Compose", "src\Compose\Compose.xproj", "{C04096DF-8919-40B6-BEE7-99E6407E7D0E}"
EndProject
Project("{8BB2217D-0F2D-49D1-97BC-3654ED321F3B}") = "Compose.Tests", "tests\Compose.Tests\Compose.Tests.xproj", "{312DF6A2-4CBD-4136-BDF0-D51AFB8241C0}"
EndProject
Global
	GlobalSection(SolutionConfigurationPlatforms) = preSolution
		Debug|Any CPU = Debug|Any CPU
		Release|Any CPU = Release|Any CPU
	EndGlobalSection
	GlobalSection(ProjectConfigurationPlatforms) = postSolution
		{C04096DF-8919-40B6-BEE7-99E6407E7D0E}.Debug|Any CPU.ActiveCfg = Debug|Any CPU
		{C04096DF-8919-40B6-BEE7-99E6407E7D0E}.Debug|Any CPU.Build.0 = Debug|Any CPU
		{C04096DF-8919-40B6-BEE7-99E6407E7D0E}.Release|Any CPU.ActiveCfg = Release|Any CPU
		{C04096DF-8919-40B6-BEE7-99E6407E7D0E}.Release|Any CPU.Build.0 = Release|Any CPU
		{312DF6A2-4CBD-4136-BDF0-D51AFB8241C0}.Debug|Any CPU.ActiveCfg = Debug|Any CPU
		{312DF6A2-4CBD-4136-BDF0-D51AFB8241C0}.Debug|Any CPU.Build.0 = Debug|Any CPU
		{312DF6A2-4CBD-4136-BDF0-D51AFB8241C0}.Release|Any CPU.ActiveCfg = Release|Any CPU
		{312DF6A2-4CBD-4136-BDF0-D51AFB8241C0}.Release|Any CPU.Build.0 = Release|Any CPU
	EndGlobalSection
	GlobalSection(SolutionProperties) = preSolution
		HideSolutionNode = FALSE
	EndGlobalSection
	GlobalSection(NestedProjects) = preSolution
		{76033DDB-F766-4F7C-8DC2-CA8DA01FE50C} = {0508FF26-B09D-4DB5-9F7B-D14FE9F808AB}
		{C04096DF-8919-40B6-BEE7-99E6407E7D0E} = {D83DB071-6554-4367-91AE-05ABFEB4E213}
		{312DF6A2-4CBD-4136-BDF0-D51AFB8241C0} = {3CA78452-29CD-4197-A560-9346949EAE9F}
	EndGlobalSection
EndGlobal
